{
  "name": "helloworld",
  "version": "1.0.0",
  "lockfileVersion": 1,
  "requires": true,
  "dependencies": {
    "hellowworld": {
      "version": "1.0.0",
      "resolved": "https://registry.npmjs.org/hellowworld/-/hellowworld-1.0.0.tgz",
      "integrity": "sha1-4ukjkTuE9gEU7WEci8ihcShstd0="
    }
  }
}
